
Microsoft Visual Studio Solution File, Format Version 12.00
# Visual Studio 15
VisualStudioVersion = 15.0.28307.271
MinimumVisualStudioVersion = 10.0.40219.1
Project("{FAE04EC0-301F-11D3-BF4B-00C04F79EFBC}") = "PeopleSearchApp", "PeopleSearchApp\PeopleSearchApp.csproj", "{C55D28EE-70AF-4957-9568-F1F472BB166A}"
EndProject
Global
	GlobalSection(SolutionConfigurationPlatforms) = preSolution
		Debug|Any CPU = Debug|Any CPU
		Release|Any CPU = Release|Any CPU
	EndGlobalSection
	GlobalSection(ProjectConfigurationPlatforms) = postSolution
		{C55D28EE-70AF-4957-9568-F1F472BB166A}.Debug|Any CPU.ActiveCfg = Debug|Any CPU
		{C55D28EE-70AF-4957-9568-F1F472BB166A}.Debug|Any CPU.Build.0 = Debug|Any CPU
		{C55D28EE-70AF-4957-9568-F1F472BB166A}.Release|Any CPU.ActiveCfg = Release|Any CPU
		{C55D28EE-70AF-4957-9568-F1F472BB166A}.Release|Any CPU.Build.0 = Release|Any CPU
	EndGlobalSection
	GlobalSection(SolutionProperties) = preSolution
		HideSolutionNode = FALSE
	EndGlobalSection
	GlobalSection(ExtensibilityGlobals) = postSolution
		SolutionGuid = {A3C51E76-E45B-43AE-9E56-6BD9ABD464C3}
	EndGlobalSection
EndGlobal
